
Microsoft Visual Studio Solution File, Format Version 12.00
# Visual Studio Version 16
VisualStudioVersion = 16.0.29709.97
MinimumVisualStudioVersion = 10.0.40219.1
Project("{FAE04EC0-301F-11D3-BF4B-00C04F79EFBC}") = "App_666_Encryption_v1.0.0", "App_666_Encryption_v1.0.0\App_666_Encryption_v1.0.0.csproj", "{77579613-6E51-4D8B-853A-CE2914B3759A}"
EndProject
Global
	GlobalSection(SolutionConfigurationPlatforms) = preSolution
		Debug|Any CPU = Debug|Any CPU
		Release|Any CPU = Release|Any CPU
	EndGlobalSection
	GlobalSection(ProjectConfigurationPlatforms) = postSolution
		{77579613-6E51-4D8B-853A-CE2914B3759A}.Debug|Any CPU.ActiveCfg = Debug|Any CPU
		{77579613-6E51-4D8B-853A-CE2914B3759A}.Debug|Any CPU.Build.0 = Debug|Any CPU
		{77579613-6E51-4D8B-853A-CE2914B3759A}.Release|Any CPU.ActiveCfg = Release|Any CPU
		{77579613-6E51-4D8B-853A-CE2914B3759A}.Release|Any CPU.Build.0 = Release|Any CPU
	EndGlobalSection
	GlobalSection(SolutionProperties) = preSolution
		HideSolutionNode = FALSE
	EndGlobalSection
	GlobalSection(ExtensibilityGlobals) = postSolution
		SolutionGuid = {F7024029-F22C-442A-A9F6-15FFB6CE01A2}
	EndGlobalSection
EndGlobal
